
Microsoft Visual Studio Solution File, Format Version 12.00
Project("{FAE04EC0-301F-11D3-BF4B-00C04F79EFBC}") = "Autoclicker", "Autoclicker\Autoclicker.csproj", "{C503AE98-6C63-4B43-A81D-268C6056920C}"
EndProject
Global
	GlobalSection(SolutionConfigurationPlatforms) = preSolution
		Debug|Any CPU = Debug|Any CPU
		Release|Any CPU = Release|Any CPU
	EndGlobalSection
	GlobalSection(ProjectConfigurationPlatforms) = postSolution
		{C503AE98-6C63-4B43-A81D-268C6056920C}.Debug|Any CPU.ActiveCfg = Debug|Any CPU
		{C503AE98-6C63-4B43-A81D-268C6056920C}.Debug|Any CPU.Build.0 = Debug|Any CPU
		{C503AE98-6C63-4B43-A81D-268C6056920C}.Release|Any CPU.ActiveCfg = Release|Any CPU
		{C503AE98-6C63-4B43-A81D-268C6056920C}.Release|Any CPU.Build.0 = Release|Any CPU
	EndGlobalSection
EndGlobal
